// !$*UTF8*$!
{
	archiveVersion = 1;
	classes = {
	};
	objectVersion = 60;
	objects = {

/* Begin PBXBuildFile section */
		DC0010272C70000300A10001 /* GetFlyTheme.swift in Sources */ = {isa = PBXBuildFile; fileRef = DC0010262C70000300A10001 /* GetFlyTheme.swift */; };
		DC0010292C70000300A10001 /* GetFlyComponents.swift in Sources */ = {isa = PBXBuildFile; fileRef = DC0010282C70000300A10001 /* GetFlyComponents.swift */; };
		DC00102B2C70000400A10001 /* DroneMissionUI.swift in Sources */ = {isa = PBXBuildFile; fileRef = DC00102A2C70000400A10001 /* DroneMissionUI.swift */; };
		DC00102D2C70000400A10001 /* MissionPlanningPanel.swift in Sources */ = {isa = PBXBuildFile; fileRef = DC00102C2C70000400A10001 /* MissionPlanningPanel.swift */; };
		DC0010212C70000200A10001 /* CoordinateConverter.swift in Sources */ = {isa = PBXBuildFile; fileRef = DC0010222C70000200A10001 /* CoordinateConverter.swift */; };
		DC0010232C70000200A10001 /* OpenStreetMapView.swift in Sources */ = {isa = PBXBuildFile; fileRef = DC0010202C70000200A10001 /* OpenStreetMapView.swift */; };
		DC0010252C70000200A10001 /* LocationManager.swift in Sources */ = {isa = PBXBuildFile; fileRef = DC0010242C70000200A10001 /* LocationManager.swift */; };
		DC0010012C70000100A10001 /* Coordinate3D.swift in Sources */ = {isa = PBXBuildFile; fileRef = DC0010002C70000100A10001 /* Coordinate3D.swift */; };
		DC0010032C70000100A10001 /* Waypoint.swift in Sources */ = {isa = PBXBuildFile; fileRef = DC0010022C70000100A10001 /* Waypoint.swift */; };
		DC0010052C70000100A10001 /* DroneCommand.swift in Sources */ = {isa = PBXBuildFile; fileRef = DC0010042C70000100A10001 /* DroneCommand.swift */; };
		DC0010072C70000100A10001 /* DroneStatus.swift in Sources */ = {isa = PBXBuildFile; fileRef = DC0010062C70000100A10001 /* DroneStatus.swift */; };
		DC0010092C70000100A10001 /* DroneConnectionSettings.swift in Sources */ = {isa = PBXBuildFile; fileRef = DC0010082C70000100A10001 /* DroneConnectionSettings.swift */; };
		DC00100B2C70000100A10001 /* ESP32Client.swift in Sources */ = {isa = PBXBuildFile; fileRef = DC00100A2C70000100A10001 /* ESP32Client.swift */; };
		DC00100D2C70000100A10001 /* DroneViewModel.swift in Sources */ = {isa = PBXBuildFile; fileRef = DC00100C2C70000100A10001 /* DroneViewModel.swift */; };
		DC00100F2C70000100A10001 /* FlightMapView.swift in Sources */ = {isa = PBXBuildFile; fileRef = DC00100E2C70000100A10001 /* FlightMapView.swift */; };
		DC0010112C70000100A10001 /* CoordinateInputView.swift in Sources */ = {isa = PBXBuildFile; fileRef = DC0010102C70000100A10001 /* CoordinateInputView.swift */; };
		DC0010132C70000100A10001 /* WaypointMissionView.swift in Sources */ = {isa = PBXBuildFile; fileRef = DC0010122C70000100A10001 /* WaypointMissionView.swift */; };
		DC0010152C70000100A10001 /* ConnectionSettingsView.swift in Sources */ = {isa = PBXBuildFile; fileRef = DC0010142C70000100A10001 /* ConnectionSettingsView.swift */; };
		DC0010172C70000100A10001 /* DroneControlView.swift in Sources */ = {isa = PBXBuildFile; fileRef = DC0010162C70000100A10001 /* DroneControlView.swift */; };
		DB1452792C52D2AE00D80A8C /* Assets.xcassets in Resources */ = {isa = PBXBuildFile; fileRef = DB1452782C52D2AE00D80A8C /* Assets.xcassets */; };
		DB14527C2C52D2AE00D80A8C /* Preview Assets.xcassets in Resources */ = {isa = PBXBuildFile; fileRef = DB14527B2C52D2AE00D80A8C /* Preview Assets.xcassets */; };
		DB14527E2C52D2AE00D80A8C /* Persistence.swift in Sources */ = {isa = PBXBuildFile; fileRef = DB14527D2C52D2AE00D80A8C /* Persistence.swift */; };
		DB1452812C52D2AE00D80A8C /* Hike.xcdatamodeld in Sources */ = {isa = PBXBuildFile; fileRef = DB14527F2C52D2AE00D80A8C /* Hike.xcdatamodeld */; };
		DB14528E2C52D65800D80A8C /* GetFlyApp.swift in Sources */ = {isa = PBXBuildFile; fileRef = DB14528C2C52D65800D80A8C /* GetFlyApp.swift */; };
		DB14528F2C52D65800D80A8C /* ContentView.swift in Sources */ = {isa = PBXBuildFile; fileRef = DB14528B2C52D65800D80A8C /* ContentView.swift */; };
		DB1452912C52D67100D80A8C /* CardView.swift in Sources */ = {isa = PBXBuildFile; fileRef = DB1452902C52D67100D80A8C /* CardView.swift */; };
		DB1452932C52D8DA00D80A8C /* CustomBG.swift in Sources */ = {isa = PBXBuildFile; fileRef = DB1452922C52D8DA00D80A8C /* CustomBG.swift */; };
		DB1452962C52DC5A00D80A8C /* ColorExtension.swift in Sources */ = {isa = PBXBuildFile; fileRef = DB1452952C52DC5A00D80A8C /* ColorExtension.swift */; };
		DB1452982C52EB7400D80A8C /* CustomButton.swift in Sources */ = {isa = PBXBuildFile; fileRef = DB1452972C52EB7400D80A8C /* CustomButton.swift */; };
		DB28B9AD2C61072600AAE8B4 /* CustomListRowView.swift in Sources */ = {isa = PBXBuildFile; fileRef = DB28B9AC2C61072600AAE8B4 /* CustomListRowView.swift */; };
		DBA0110B2C53E9DC003623A0 /* GradientButtonStyle.swift in Sources */ = {isa = PBXBuildFile; fileRef = DBA0110A2C53E9DC003623A0 /* GradientButtonStyle.swift */; };
		DBA0110D2C540174003623A0 /* AnimatedCircleView.swift in Sources */ = {isa = PBXBuildFile; fileRef = DBA0110C2C540174003623A0 /* AnimatedCircleView.swift */; };
		DBA0110F2C540A2B003623A0 /* MotionAnimationView.swift in Sources */ = {isa = PBXBuildFile; fileRef = DBA0110E2C540A2B003623A0 /* MotionAnimationView.swift */; };
		DBA011112C5447B0003623A0 /* SettingsView.swift in Sources */ = {isa = PBXBuildFile; fileRef = DBA011102C5447B0003623A0 /* SettingsView.swift */; };
/* End PBXBuildFile section */

/* Begin PBXFileReference section */
		DC0010262C70000300A10001 /* GetFlyTheme.swift */ = {isa = PBXFileReference; lastKnownFileType = sourcecode.swift; path = GetFlyTheme.swift; sourceTree = "<group>"; };
		DC0010282C70000300A10001 /* GetFlyComponents.swift */ = {isa = PBXFileReference; lastKnownFileType = sourcecode.swift; path = GetFlyComponents.swift; sourceTree = "<group>"; };
		DC00102A2C70000400A10001 /* DroneMissionUI.swift */ = {isa = PBXFileReference; lastKnownFileType = sourcecode.swift; path = DroneMissionUI.swift; sourceTree = "<group>"; };
		DC00102C2C70000400A10001 /* MissionPlanningPanel.swift */ = {isa = PBXFileReference; lastKnownFileType = sourcecode.swift; path = MissionPlanningPanel.swift; sourceTree = "<group>"; };
		DC0010222C70000200A10001 /* CoordinateConverter.swift */ = {isa = PBXFileReference; lastKnownFileType = sourcecode.swift; path = CoordinateConverter.swift; sourceTree = "<group>"; };
		DC0010202C70000200A10001 /* OpenStreetMapView.swift */ = {isa = PBXFileReference; lastKnownFileType = sourcecode.swift; path = OpenStreetMapView.swift; sourceTree = "<group>"; };
		DC0010242C70000200A10001 /* LocationManager.swift */ = {isa = PBXFileReference; lastKnownFileType = sourcecode.swift; path = LocationManager.swift; sourceTree = "<group>"; };
		DC0010002C70000100A10001 /* Coordinate3D.swift */ = {isa = PBXFileReference; lastKnownFileType = sourcecode.swift; path = Coordinate3D.swift; sourceTree = "<group>"; };
		DC0010022C70000100A10001 /* Waypoint.swift */ = {isa = PBXFileReference; lastKnownFileType = sourcecode.swift; path = Waypoint.swift; sourceTree = "<group>"; };
		DC0010042C70000100A10001 /* DroneCommand.swift */ = {isa = PBXFileReference; lastKnownFileType = sourcecode.swift; path = DroneCommand.swift; sourceTree = "<group>"; };
		DC0010062C70000100A10001 /* DroneStatus.swift */ = {isa = PBXFileReference; lastKnownFileType = sourcecode.swift; path = DroneStatus.swift; sourceTree = "<group>"; };
		DC0010082C70000100A10001 /* DroneConnectionSettings.swift */ = {isa = PBXFileReference; lastKnownFileType = sourcecode.swift; path = DroneConnectionSettings.swift; sourceTree = "<group>"; };
		DC00100A2C70000100A10001 /* ESP32Client.swift */ = {isa = PBXFileReference; lastKnownFileType = sourcecode.swift; path = ESP32Client.swift; sourceTree = "<group>"; };
		DC00100C2C70000100A10001 /* DroneViewModel.swift */ = {isa = PBXFileReference; lastKnownFileType = sourcecode.swift; path = DroneViewModel.swift; sourceTree = "<group>"; };
		DC00100E2C70000100A10001 /* FlightMapView.swift */ = {isa = PBXFileReference; lastKnownFileType = sourcecode.swift; path = FlightMapView.swift; sourceTree = "<group>"; };
		DC0010102C70000100A10001 /* CoordinateInputView.swift */ = {isa = PBXFileReference; lastKnownFileType = sourcecode.swift; path = CoordinateInputView.swift; sourceTree = "<group>"; };
		DC0010122C70000100A10001 /* WaypointMissionView.swift */ = {isa = PBXFileReference; lastKnownFileType = sourcecode.swift; path = WaypointMissionView.swift; sourceTree = "<group>"; };
		DC0010142C70000100A10001 /* ConnectionSettingsView.swift */ = {isa = PBXFileReference; lastKnownFileType = sourcecode.swift; path = ConnectionSettingsView.swift; sourceTree = "<group>"; };
		DC0010162C70000100A10001 /* DroneControlView.swift */ = {isa = PBXFileReference; lastKnownFileType = sourcecode.swift; path = DroneControlView.swift; sourceTree = "<group>"; };
		DB1452712C52D2AD00D80A8C /* GetFly.app */ = {isa = PBXFileReference; explicitFileType = wrapper.application; includeInIndex = 0; path = GetFly.app; sourceTree = BUILT_PRODUCTS_DIR; };
		DB1452782C52D2AE00D80A8C /* Assets.xcassets */ = {isa = PBXFileReference; lastKnownFileType = folder.assetcatalog; path = Assets.xcassets; sourceTree = "<group>"; };
		DB14527B2C52D2AE00D80A8C /* Preview Assets.xcassets */ = {isa = PBXFileReference; lastKnownFileType = folder.assetcatalog; path = "Preview Assets.xcassets"; sourceTree = "<group>"; };
		DB14527D2C52D2AE00D80A8C /* Persistence.swift */ = {isa = PBXFileReference; lastKnownFileType = sourcecode.swift; path = Persistence.swift; sourceTree = "<group>"; };
		DB1452802C52D2AE00D80A8C /* Hike.xcdatamodel */ = {isa = PBXFileReference; lastKnownFileType = wrapper.xcdatamodel; path = Hike.xcdatamodel; sourceTree = "<group>"; };
		DB14528B2C52D65800D80A8C /* ContentView.swift */ = {isa = PBXFileReference; lastKnownFileType = sourcecode.swift; path = ContentView.swift; sourceTree = "<group>"; };
		DB14528C2C52D65800D80A8C /* GetFlyApp.swift */ = {isa = PBXFileReference; lastKnownFileType = sourcecode.swift; path = GetFlyApp.swift; sourceTree = "<group>"; };
		DB1452902C52D67100D80A8C /* CardView.swift */ = {isa = PBXFileReference; lastKnownFileType = sourcecode.swift; path = CardView.swift; sourceTree = "<group>"; };
		DB1452922C52D8DA00D80A8C /* CustomBG.swift */ = {isa = PBXFileReference; lastKnownFileType = sourcecode.swift; path = CustomBG.swift; sourceTree = "<group>"; };
		DB1452952C52DC5A00D80A8C /* ColorExtension.swift */ = {isa = PBXFileReference; lastKnownFileType = sourcecode.swift; path = ColorExtension.swift; sourceTree = "<group>"; };
		DB1452972C52EB7400D80A8C /* CustomButton.swift */ = {isa = PBXFileReference; lastKnownFileType = sourcecode.swift; path = CustomButton.swift; sourceTree = "<group>"; };
		DB28B9AC2C61072600AAE8B4 /* CustomListRowView.swift */ = {isa = PBXFileReference; lastKnownFileType = sourcecode.swift; path = CustomListRowView.swift; sourceTree = "<group>"; };
		DBA0110A2C53E9DC003623A0 /* GradientButtonStyle.swift */ = {isa = PBXFileReference; lastKnownFileType = sourcecode.swift; path = GradientButtonStyle.swift; sourceTree = "<group>"; };
		DBA0110C2C540174003623A0 /* AnimatedCircleView.swift */ = {isa = PBXFileReference; lastKnownFileType = sourcecode.swift; path = AnimatedCircleView.swift; sourceTree = "<group>"; };
		DBA0110E2C540A2B003623A0 /* MotionAnimationView.swift */ = {isa = PBXFileReference; lastKnownFileType = sourcecode.swift; path = MotionAnimationView.swift; sourceTree = "<group>"; };
		DBA011102C5447B0003623A0 /* SettingsView.swift */ = {isa = PBXFileReference; lastKnownFileType = sourcecode.swift; path = SettingsView.swift; sourceTree = "<group>"; };
/* End PBXFileReference section */

/* Begin PBXFrameworksBuildPhase section */
		DB14526E2C52D2AD00D80A8C /* Frameworks */ = {
			isa = PBXFrameworksBuildPhase;
			buildActionMask = 2147483647;
			files = (
			);
			runOnlyForDeploymentPostprocessing = 0;
		};
/* End PBXFrameworksBuildPhase section */

/* Begin PBXGroup section */
		DB1452682C52D2AD00D80A8C = {
			isa = PBXGroup;
			children = (
				DB1452732C52D2AD00D80A8C /* Hike */,
				DB1452722C52D2AD00D80A8C /* Products */,
			);
			sourceTree = "<group>";
		};
		DB1452722C52D2AD00D80A8C /* Products */ = {
			isa = PBXGroup;
			children = (
				DB1452712C52D2AD00D80A8C /* GetFly.app */,
			);
			name = Products;
			sourceTree = "<group>";
		};
		DC0010182C70000100A10001 /* Model */ = {
			isa = PBXGroup;
			children = (
				DC0010002C70000100A10001 /* Coordinate3D.swift */,
				DC0010022C70000100A10001 /* Waypoint.swift */,
				DC0010042C70000100A10001 /* DroneCommand.swift */,
				DC0010062C70000100A10001 /* DroneStatus.swift */,
			);
			path = Model;
			sourceTree = "<group>";
		};
		DC0010192C70000100A10001 /* Services */ = {
			isa = PBXGroup;
			children = (
				DC0010082C70000100A10001 /* DroneConnectionSettings.swift */,
				DC00100A2C70000100A10001 /* ESP32Client.swift */,
				DC0010242C70000200A10001 /* LocationManager.swift */,
			);
			path = Services;
			sourceTree = "<group>";
		};
		DC00101A2C70000100A10001 /* ViewModel */ = {
			isa = PBXGroup;
			children = (
				DC00100C2C70000100A10001 /* DroneViewModel.swift */,
			);
			path = ViewModel;
			sourceTree = "<group>";
		};
		DB1452732C52D2AD00D80A8C /* Hike */ = {
			isa = PBXGroup;
			children = (
				DC0010182C70000100A10001 /* Model */,
				DC0010192C70000100A10001 /* Services */,
				DC00101A2C70000100A10001 /* ViewModel */,
				DB1452942C52DC3000D80A8C /* Utility */,
				DB14528A2C52D64D00D80A8C /* Component */,
				DB14528D2C52D65800D80A8C /* App Main */,
				DB1452782C52D2AE00D80A8C /* Assets.xcassets */,
				DB14527D2C52D2AE00D80A8C /* Persistence.swift */,
				DB14527F2C52D2AE00D80A8C /* Hike.xcdatamodeld */,
				DB14527A2C52D2AE00D80A8C /* Preview Content */,
			);
			path = Hike;
			sourceTree = "<group>";
		};
		DB14527A2C52D2AE00D80A8C /* Preview Content */ = {
			isa = PBXGroup;
			children = (
				DB14527B2C52D2AE00D80A8C /* Preview Assets.xcassets */,
			);
			path = "Preview Content";
			sourceTree = "<group>";
		};
		DB14528A2C52D64D00D80A8C /* Component */ = {
			isa = PBXGroup;
			children = (
				DB1452902C52D67100D80A8C /* CardView.swift */,
				DB1452922C52D8DA00D80A8C /* CustomBG.swift */,
				DB1452972C52EB7400D80A8C /* CustomButton.swift */,
				DC0010282C70000300A10001 /* GetFlyComponents.swift */,
				DC00102A2C70000400A10001 /* DroneMissionUI.swift */,
				DBA0110C2C540174003623A0 /* AnimatedCircleView.swift */,
				DBA0110E2C540A2B003623A0 /* MotionAnimationView.swift */,
				DB28B9AC2C61072600AAE8B4 /* CustomListRowView.swift */,
			);
			path = Component;
			sourceTree = "<group>";
		};
		DB14528D2C52D65800D80A8C /* App Main */ = {
			isa = PBXGroup;
			children = (
				DB14528B2C52D65800D80A8C /* ContentView.swift */,
				DB14528C2C52D65800D80A8C /* GetFlyApp.swift */,
				DC0010162C70000100A10001 /* DroneControlView.swift */,
				DC00102C2C70000400A10001 /* MissionPlanningPanel.swift */,
				DC00100E2C70000100A10001 /* FlightMapView.swift */,
				DC0010202C70000200A10001 /* OpenStreetMapView.swift */,
				DC0010102C70000100A10001 /* CoordinateInputView.swift */,
				DC0010122C70000100A10001 /* WaypointMissionView.swift */,
				DC0010142C70000100A10001 /* ConnectionSettingsView.swift */,
				DBA011102C5447B0003623A0 /* SettingsView.swift */,
			);
			path = "App Main";
			sourceTree = "<group>";
		};
		DB1452942C52DC3000D80A8C /* Utility */ = {
			isa = PBXGroup;
			children = (
				DB1452952C52DC5A00D80A8C /* ColorExtension.swift */,
				DBA0110A2C53E9DC003623A0 /* GradientButtonStyle.swift */,
				DC0010262C70000300A10001 /* GetFlyTheme.swift */,
				DC0010222C70000200A10001 /* CoordinateConverter.swift */,
			);
			path = Utility;
			sourceTree = "<group>";
		};
/* End PBXGroup section */

/* Begin PBXNativeTarget section */
		DB1452702C52D2AD00D80A8C /* GetFly */ = {
			isa = PBXNativeTarget;
			buildConfigurationList = DB1452842C52D2AE00D80A8C /* Build configuration list for PBXNativeTarget "GetFly" */;
			buildPhases = (
				DB14526D2C52D2AD00D80A8C /* Sources */,
				DB14526E2C52D2AD00D80A8C /* Frameworks */,
				DB14526F2C52D2AD00D80A8C /* Resources */,
			);
			buildRules = (
			);
			dependencies = (
			);
			name = GetFly;
			productName = GetFly;
			productReference = DB1452712C52D2AD00D80A8C /* GetFly.app */;
			productType = "com.apple.product-type.application";
		};
/* End PBXNativeTarget section */

/* Begin PBXProject section */
		DB1452692C52D2AD00D80A8C /* Project object */ = {
			isa = PBXProject;
			attributes = {
				BuildIndependentTargetsInParallel = 1;
				LastSwiftUpdateCheck = 1600;
				LastUpgradeCheck = 1600;
				TargetAttributes = {
					DB1452702C52D2AD00D80A8C = {
						CreatedOnToolsVersion = 16.0;
					};
				};
			};
			buildConfigurationList = DB14526C2C52D2AD00D80A8C /* Build configuration list for PBXProject "Hike" */;
			compatibilityVersion = "Xcode 15.0";
			developmentRegion = en;
			hasScannedForEncodings = 0;
			knownRegions = (
				en,
				Base,
			);
			mainGroup = DB1452682C52D2AD00D80A8C;
			productRefGroup = DB1452722C52D2AD00D80A8C /* Products */;
			projectDirPath = "";
			projectRoot = "";
			targets = (
				DB1452702C52D2AD00D80A8C /* GetFly */,
			);
		};
/* End PBXProject section */

/* Begin PBXResourcesBuildPhase section */
		DB14526F2C52D2AD00D80A8C /* Resources */ = {
			isa = PBXResourcesBuildPhase;
			buildActionMask = 2147483647;
			files = (
				DB14527C2C52D2AE00D80A8C /* Preview Assets.xcassets in Resources */,
				DB1452792C52D2AE00D80A8C /* Assets.xcassets in Resources */,
			);
			runOnlyForDeploymentPostprocessing = 0;
		};
/* End PBXResourcesBuildPhase section */

/* Begin PBXSourcesBuildPhase section */
		DB14526D2C52D2AD00D80A8C /* Sources */ = {
			isa = PBXSourcesBuildPhase;
			buildActionMask = 2147483647;
			files = (
				DC0010272C70000300A10001 /* GetFlyTheme.swift in Sources */,
				DC0010292C70000300A10001 /* GetFlyComponents.swift in Sources */,
				DC00102B2C70000400A10001 /* DroneMissionUI.swift in Sources */,
				DC00102D2C70000400A10001 /* MissionPlanningPanel.swift in Sources */,
				DC0010212C70000200A10001 /* CoordinateConverter.swift in Sources */,
				DC0010232C70000200A10001 /* OpenStreetMapView.swift in Sources */,
				DC0010252C70000200A10001 /* LocationManager.swift in Sources */,
				DC0010012C70000100A10001 /* Coordinate3D.swift in Sources */,
				DC0010032C70000100A10001 /* Waypoint.swift in Sources */,
				DC0010052C70000100A10001 /* DroneCommand.swift in Sources */,
				DC0010072C70000100A10001 /* DroneStatus.swift in Sources */,
				DC0010092C70000100A10001 /* DroneConnectionSettings.swift in Sources */,
				DC00100B2C70000100A10001 /* ESP32Client.swift in Sources */,
				DC00100D2C70000100A10001 /* DroneViewModel.swift in Sources */,
				DC00100F2C70000100A10001 /* FlightMapView.swift in Sources */,
				DC0010112C70000100A10001 /* CoordinateInputView.swift in Sources */,
				DC0010132C70000100A10001 /* WaypointMissionView.swift in Sources */,
				DC0010152C70000100A10001 /* ConnectionSettingsView.swift in Sources */,
				DC0010172C70000100A10001 /* DroneControlView.swift in Sources */,
				DBA0110B2C53E9DC003623A0 /* GradientButtonStyle.swift in Sources */,
				DB14527E2C52D2AE00D80A8C /* Persistence.swift in Sources */,
				DB1452812C52D2AE00D80A8C /* Hike.xcdatamodeld in Sources */,
				DB28B9AD2C61072600AAE8B4 /* CustomListRowView.swift in Sources */,
				DB14528E2C52D65800D80A8C /* GetFlyApp.swift in Sources */,
				DB14528F2C52D65800D80A8C /* ContentView.swift in Sources */,
				DB1452982C52EB7400D80A8C /* CustomButton.swift in Sources */,
				DB1452912C52D67100D80A8C /* CardView.swift in Sources */,
				DBA0110D2C540174003623A0 /* AnimatedCircleView.swift in Sources */,
				DBA0110F2C540A2B003623A0 /* MotionAnimationView.swift in Sources */,
				DBA011112C5447B0003623A0 /* SettingsView.swift in Sources */,
				DB1452962C52DC5A00D80A8C /* ColorExtension.swift in Sources */,
				DB1452932C52D8DA00D80A8C /* CustomBG.swift in Sources */,
			);
			runOnlyForDeploymentPostprocessing = 0;
		};
/* End PBXSourcesBuildPhase section */

/* Begin XCBuildConfiguration section */
		DB1452822C52D2AE00D80A8C /* Debug */ = {
			isa = XCBuildConfiguration;
			buildSettings = {
				ALWAYS_SEARCH_USER_PATHS = NO;
				ASSETCATALOG_COMPILER_GENERATE_SWIFT_ASSET_SYMBOL_EXTENSIONS = YES;
				CLANG_ANALYZER_NONNULL = YES;
				CLANG_ANALYZER_NUMBER_OBJECT_CONVERSION = YES_AGGRESSIVE;
				CLANG_CXX_LANGUAGE_STANDARD = "gnu++20";
				CLANG_ENABLE_MODULES = YES;
				CLANG_ENABLE_OBJC_ARC = YES;
				CLANG_ENABLE_OBJC_WEAK = YES;
				CLANG_WARN_BLOCK_CAPTURE_AUTORELEASING = YES;
				CLANG_WARN_BOOL_CONVERSION = YES;
				CLANG_WARN_COMMA = YES;
				CLANG_WARN_CONSTANT_CONVERSION = YES;
				CLANG_WARN_DEPRECATED_OBJC_IMPLEMENTATIONS = YES;
				CLANG_WARN_DIRECT_OBJC_ISA_USAGE = YES_ERROR;
				CLANG_WARN_DOCUMENTATION_COMMENTS = YES;
				CLANG_WARN_EMPTY_BODY = YES;
				CLANG_WARN_ENUM_CONVERSION = YES;
				CLANG_WARN_INFINITE_RECURSION = YES;
				CLANG_WARN_INT_CONVERSION = YES;
				CLANG_WARN_NON_LITERAL_NULL_CONVERSION = YES;
				CLANG_WARN_OBJC_IMPLICIT_RETAIN_SELF = YES;
				CLANG_WARN_OBJC_LITERAL_CONVERSION = YES;
				CLANG_WARN_OBJC_ROOT_CLASS = YES_ERROR;
				CLANG_WARN_QUOTED_INCLUDE_IN_FRAMEWORK_HEADER = YES;
				CLANG_WARN_RANGE_LOOP_ANALYSIS = YES;
				CLANG_WARN_STRICT_PROTOTYPES = YES;
				CLANG_WARN_SUSPICIOUS_MOVE = YES;
				CLANG_WARN_UNGUARDED_AVAILABILITY = YES_AGGRESSIVE;
				CLANG_WARN_UNREACHABLE_CODE = YES;
				CLANG_WARN__DUPLICATE_METHOD_MATCH = YES;
				COPY_PHASE_STRIP = NO;
				DEBUG_INFORMATION_FORMAT = dwarf;
				ENABLE_STRICT_OBJC_MSGSEND = YES;
				ENABLE_TESTABILITY = YES;
				ENABLE_USER_SCRIPT_SANDBOXING = YES;
				GCC_C_LANGUAGE_STANDARD = gnu17;
				GCC_DYNAMIC_NO_PIC = NO;
				GCC_NO_COMMON_BLOCKS = YES;
				GCC_OPTIMIZATION_LEVEL = 0;
				GCC_PREPROCESSOR_DEFINITIONS = (
					"DEBUG=1",
					"$(inherited)",
				);
				GCC_WARN_64_TO_32_BIT_CONVERSION = YES;
				GCC_WARN_ABOUT_RETURN_TYPE = YES_ERROR;
				GCC_WARN_UNDECLARED_SELECTOR = YES;
				GCC_WARN_UNINITIALIZED_AUTOS = YES_AGGRESSIVE;
				GCC_WARN_UNUSED_FUNCTION = YES;
				GCC_WARN_UNUSED_VARIABLE = YES;
				IPHONEOS_DEPLOYMENT_TARGET = 18.0;
				LOCALIZATION_PREFERS_STRING_CATALOGS = YES;
				MTL_ENABLE_DEBUG_INFO = INCLUDE_SOURCE;
				MTL_FAST_MATH = YES;
				ONLY_ACTIVE_ARCH = YES;
				SDKROOT = iphoneos;
				SWIFT_ACTIVE_COMPILATION_CONDITIONS = "DEBUG $(inherited)";
				SWIFT_OPTIMIZATION_LEVEL = "-Onone";
			};
			name = Debug;
		};
		DB1452832C52D2AE00D80A8C /* Release */ = {
			isa = XCBuildConfiguration;
			buildSettings = {
				ALWAYS_SEARCH_USER_PATHS = NO;
				ASSETCATALOG_COMPILER_GENERATE_SWIFT_ASSET_SYMBOL_EXTENSIONS = YES;
				CLANG_ANALYZER_NONNULL = YES;
				CLANG_ANALYZER_NUMBER_OBJECT_CONVERSION = YES_AGGRESSIVE;
				CLANG_CXX_LANGUAGE_STANDARD = "gnu++20";
				CLANG_ENABLE_MODULES = YES;
				CLANG_ENABLE_OBJC_ARC = YES;
				CLANG_ENABLE_OBJC_WEAK = YES;
				CLANG_WARN_BLOCK_CAPTURE_AUTORELEASING = YES;
				CLANG_WARN_BOOL_CONVERSION = YES;
				CLANG_WARN_COMMA = YES;
				CLANG_WARN_CONSTANT_CONVERSION = YES;
				CLANG_WARN_DEPRECATED_OBJC_IMPLEMENTATIONS = YES;
				CLANG_WARN_DIRECT_OBJC_ISA_USAGE = YES_ERROR;
				CLANG_WARN_DOCUMENTATION_COMMENTS = YES;
				CLANG_WARN_EMPTY_BODY = YES;
				CLANG_WARN_ENUM_CONVERSION = YES;
				CLANG_WARN_INFINITE_RECURSION = YES;
				CLANG_WARN_INT_CONVERSION = YES;
				CLANG_WARN_NON_LITERAL_NULL_CONVERSION = YES;
				CLANG_WARN_OBJC_IMPLICIT_RETAIN_SELF = YES;
				CLANG_WARN_OBJC_LITERAL_CONVERSION = YES;
				CLANG_WARN_OBJC_ROOT_CLASS = YES_ERROR;
				CLANG_WARN_QUOTED_INCLUDE_IN_FRAMEWORK_HEADER = YES;
				CLANG_WARN_RANGE_LOOP_ANALYSIS = YES;
				CLANG_WARN_STRICT_PROTOTYPES = YES;
				CLANG_WARN_SUSPICIOUS_MOVE = YES;
				CLANG_WARN_UNGUARDED_AVAILABILITY = YES_AGGRESSIVE;
				CLANG_WARN_UNREACHABLE_CODE = YES;
				CLANG_WARN__DUPLICATE_METHOD_MATCH = YES;
				COPY_PHASE_STRIP = NO;
				DEBUG_INFORMATION_FORMAT = "dwarf-with-dsym";
				ENABLE_NS_ASSERTIONS = NO;
				ENABLE_STRICT_OBJC_MSGSEND = YES;
				ENABLE_USER_SCRIPT_SANDBOXING = YES;
				GCC_C_LANGUAGE_STANDARD = gnu17;
				GCC_NO_COMMON_BLOCKS = YES;
				GCC_WARN_64_TO_32_BIT_CONVERSION = YES;
				GCC_WARN_ABOUT_RETURN_TYPE = YES_ERROR;
				GCC_WARN_UNDECLARED_SELECTOR = YES;
				GCC_WARN_UNINITIALIZED_AUTOS = YES_AGGRESSIVE;
				GCC_WARN_UNUSED_FUNCTION = YES;
				GCC_WARN_UNUSED_VARIABLE = YES;
				IPHONEOS_DEPLOYMENT_TARGET = 18.0;
				LOCALIZATION_PREFERS_STRING_CATALOGS = YES;
				MTL_ENABLE_DEBUG_INFO = NO;
				MTL_FAST_MATH = YES;
				SDKROOT = iphoneos;
				SWIFT_COMPILATION_MODE = wholemodule;
				VALIDATE_PRODUCT = YES;
			};
			name = Release;
		};
		DB1452852C52D2AE00D80A8C /* Debug */ = {
			isa = XCBuildConfiguration;
			buildSettings = {
				ASSETCATALOG_COMPILER_ALTERNATE_APPICON_NAMES = "AppIcon-MagnifyingGlass AppIcon-Map AppIcon-Mushroom AppIcon-Camera AppIcon-Backpack AppIcon-Campfire";
				ASSETCATALOG_COMPILER_APPICON_NAME = AppIcon;
				ASSETCATALOG_COMPILER_GLOBAL_ACCENT_COLOR_NAME = AccentColor;
				ASSETCATALOG_COMPILER_INCLUDE_ALL_APPICON_ASSETS = YES;
				CODE_SIGN_STYLE = Automatic;
				CURRENT_PROJECT_VERSION = 1;
				DEVELOPMENT_ASSET_PATHS = "\"Hike/Preview Content\"";
				DEVELOPMENT_TEAM = 49QJL3FTQK;
				ENABLE_PREVIEWS = YES;
				GENERATE_INFOPLIST_FILE = YES;
				INFOPLIST_KEY_CFBundleDisplayName = GetFly;
				INFOPLIST_KEY_NSLocalNetworkUsageDescription = "GetFly connects to your ESP32 quadcopter controller over the local Wi-Fi network.";
				INFOPLIST_KEY_NSLocationWhenInUseUsageDescription = "GetFly uses location to set the OpenStreetMap home point for drone navigation.";
				INFOPLIST_KEY_UIApplicationSceneManifest_Generation = YES;
				INFOPLIST_KEY_UIApplicationSupportsIndirectInputEvents = YES;
				INFOPLIST_KEY_UILaunchScreen_Generation = YES;
				INFOPLIST_KEY_UISupportedInterfaceOrientations_iPad = "UIInterfaceOrientationPortrait UIInterfaceOrientationPortraitUpsideDown UIInterfaceOrientationLandscapeLeft UIInterfaceOrientationLandscapeRight";
				INFOPLIST_KEY_UISupportedInterfaceOrientations_iPhone = "UIInterfaceOrientationPortrait UIInterfaceOrientationLandscapeLeft UIInterfaceOrientationLandscapeRight";
				IPHONEOS_DEPLOYMENT_TARGET = 18.0;
				LD_RUNPATH_SEARCH_PATHS = (
					"$(inherited)",
					"@executable_path/Frameworks",
				);
				MARKETING_VERSION = 1.0;
				PRODUCT_BUNDLE_IDENTIFIER = codebuzz.GetFly;
				PRODUCT_NAME = "$(TARGET_NAME)";
				SWIFT_EMIT_LOC_STRINGS = YES;
				SWIFT_VERSION = 5.0;
				TARGETED_DEVICE_FAMILY = "1,2";
			};
			name = Debug;
		};
		DB1452862C52D2AE00D80A8C /* Release */ = {
			isa = XCBuildConfiguration;
			buildSettings = {
				ASSETCATALOG_COMPILER_ALTERNATE_APPICON_NAMES = "AppIcon-MagnifyingGlass AppIcon-Map AppIcon-Mushroom AppIcon-Camera AppIcon-Backpack AppIcon-Campfire";
				ASSETCATALOG_COMPILER_APPICON_NAME = AppIcon;
				ASSETCATALOG_COMPILER_GLOBAL_ACCENT_COLOR_NAME = AccentColor;
				ASSETCATALOG_COMPILER_INCLUDE_ALL_APPICON_ASSETS = YES;
				CODE_SIGN_STYLE = Automatic;
				CURRENT_PROJECT_VERSION = 1;
				DEVELOPMENT_ASSET_PATHS = "\"Hike/Preview Content\"";
				DEVELOPMENT_TEAM = 49QJL3FTQK;
				ENABLE_PREVIEWS = YES;
				GENERATE_INFOPLIST_FILE = YES;
				INFOPLIST_KEY_CFBundleDisplayName = GetFly;
				INFOPLIST_KEY_NSLocalNetworkUsageDescription = "GetFly connects to your ESP32 quadcopter controller over the local Wi-Fi network.";
				INFOPLIST_KEY_NSLocationWhenInUseUsageDescription = "GetFly uses location to set the OpenStreetMap home point for drone navigation.";
				INFOPLIST_KEY_UIApplicationSceneManifest_Generation = YES;
				INFOPLIST_KEY_UIApplicationSupportsIndirectInputEvents = YES;
				INFOPLIST_KEY_UILaunchScreen_Generation = YES;
				INFOPLIST_KEY_UISupportedInterfaceOrientations_iPad = "UIInterfaceOrientationPortrait UIInterfaceOrientationPortraitUpsideDown UIInterfaceOrientationLandscapeLeft UIInterfaceOrientationLandscapeRight";
				INFOPLIST_KEY_UISupportedInterfaceOrientations_iPhone = "UIInterfaceOrientationPortrait UIInterfaceOrientationLandscapeLeft UIInterfaceOrientationLandscapeRight";
				IPHONEOS_DEPLOYMENT_TARGET = 18.0;
				LD_RUNPATH_SEARCH_PATHS = (
					"$(inherited)",
					"@executable_path/Frameworks",
				);
				MARKETING_VERSION = 1.0;
				PRODUCT_BUNDLE_IDENTIFIER = codebuzz.GetFly;
				PRODUCT_NAME = "$(TARGET_NAME)";
				SWIFT_EMIT_LOC_STRINGS = YES;
				SWIFT_VERSION = 5.0;
				TARGETED_DEVICE_FAMILY = "1,2";
			};
			name = Release;
		};
/* End XCBuildConfiguration section */

/* Begin XCConfigurationList section */
		DB14526C2C52D2AD00D80A8C /* Build configuration list for PBXProject "Hike" */ = {
			isa = XCConfigurationList;
			buildConfigurations = (
				DB1452822C52D2AE00D80A8C /* Debug */,
				DB1452832C52D2AE00D80A8C /* Release */,
			);
			defaultConfigurationIsVisible = 0;
			defaultConfigurationName = Release;
		};
		DB1452842C52D2AE00D80A8C /* Build configuration list for PBXNativeTarget "GetFly" */ = {
			isa = XCConfigurationList;
			buildConfigurations = (
				DB1452852C52D2AE00D80A8C /* Debug */,
				DB1452862C52D2AE00D80A8C /* Release */,
			);
			defaultConfigurationIsVisible = 0;
			defaultConfigurationName = Release;
		};
/* End XCConfigurationList section */

/* Begin XCVersionGroup section */
		DB14527F2C52D2AE00D80A8C /* Hike.xcdatamodeld */ = {
			isa = XCVersionGroup;
			children = (
				DB1452802C52D2AE00D80A8C /* Hike.xcdatamodel */,
			);
			currentVersion = DB1452802C52D2AE00D80A8C /* Hike.xcdatamodel */;
			path = Hike.xcdatamodeld;
			sourceTree = "<group>";
			versionGroupType = wrapper.xcdatamodel;
		};
/* End XCVersionGroup section */
	};
	rootObject = DB1452692C52D2AD00D80A8C /* Project object */;
}
